
Microsoft Visual Studio Solution File, Format Version 12.00
# Visual Studio Version 17
VisualStudioVersion = 17.9.34723.18
MinimumVisualStudioVersion = 10.0.40219.1
Project("{FAE04EC0-301F-11D3-BF4B-00C04F79EFBC}") = "ex_vol3", "ex_vol3\ex_vol3.csproj", "{39DDF7E9-F9F0-4EC9-A794-FA1440C7036C}"
EndProject
Global
	GlobalSection(SolutionConfigurationPlatforms) = preSolution
		Debug|Any CPU = Debug|Any CPU
		Release|Any CPU = Release|Any CPU
	EndGlobalSection
	GlobalSection(ProjectConfigurationPlatforms) = postSolution
		{39DDF7E9-F9F0-4EC9-A794-FA1440C7036C}.Debug|Any CPU.ActiveCfg = Debug|Any CPU
		{39DDF7E9-F9F0-4EC9-A794-FA1440C7036C}.Debug|Any CPU.Build.0 = Debug|Any CPU
		{39DDF7E9-F9F0-4EC9-A794-FA1440C7036C}.Release|Any CPU.ActiveCfg = Release|Any CPU
		{39DDF7E9-F9F0-4EC9-A794-FA1440C7036C}.Release|Any CPU.Build.0 = Release|Any CPU
	EndGlobalSection
	GlobalSection(SolutionProperties) = preSolution
		HideSolutionNode = FALSE
	EndGlobalSection
	GlobalSection(ExtensibilityGlobals) = postSolution
		SolutionGuid = {9B113EB3-38C1-4B09-A9F6-DF2A7943F1DE}
	EndGlobalSection
EndGlobal
